
Microsoft Visual Studio Solution File, Format Version 12.00
# Visual Studio Version 17
VisualStudioVersion = 17.12.35728.132
MinimumVisualStudioVersion = 10.0.40219.1
Project("{FAE04EC0-301F-11D3-BF4B-00C04F79EFBC}") = "BusinessLayer", "BankBusinessLayer\BusinessLayer.csproj", "{AD4ECF44-6A11-4F88-BFBB-0DC94607202D}"
EndProject
Project("{FAE04EC0-301F-11D3-BF4B-00C04F79EFBC}") = "DataAccessLayer", "BankDataAccessLayer\DataAccessLayer.csproj", "{C59EA3CF-8988-4F4B-AA38-39D7FC11D640}"
EndProject
Project("{FAE04EC0-301F-11D3-BF4B-00C04F79EFBC}") = "FullStackBankProject", "FullStackBankProject\FullStackBankProject.csproj", "{C594F3C7-471C-467C-9CF9-A5A9338C4700}"
EndProject
Global
	GlobalSection(SolutionConfigurationPlatforms) = preSolution
		Debug|Any CPU = Debug|Any CPU
		Release|Any CPU = Release|Any CPU
	EndGlobalSection
	GlobalSection(ProjectConfigurationPlatforms) = postSolution
		{AD4ECF44-6A11-4F88-BFBB-0DC94607202D}.Debug|Any CPU.ActiveCfg = Debug|Any CPU
		{AD4ECF44-6A11-4F88-BFBB-0DC94607202D}.Debug|Any CPU.Build.0 = Debug|Any CPU
		{AD4ECF44-6A11-4F88-BFBB-0DC94607202D}.Release|Any CPU.ActiveCfg = Release|Any CPU
		{AD4ECF44-6A11-4F88-BFBB-0DC94607202D}.Release|Any CPU.Build.0 = Release|Any CPU
		{C59EA3CF-8988-4F4B-AA38-39D7FC11D640}.Debug|Any CPU.ActiveCfg = Debug|Any CPU
		{C59EA3CF-8988-4F4B-AA38-39D7FC11D640}.Debug|Any CPU.Build.0 = Debug|Any CPU
		{C59EA3CF-8988-4F4B-AA38-39D7FC11D640}.Release|Any CPU.ActiveCfg = Release|Any CPU
		{C59EA3CF-8988-4F4B-AA38-39D7FC11D640}.Release|Any CPU.Build.0 = Release|Any CPU
		{C594F3C7-471C-467C-9CF9-A5A9338C4700}.Debug|Any CPU.ActiveCfg = Debug|Any CPU
		{C594F3C7-471C-467C-9CF9-A5A9338C4700}.Debug|Any CPU.Build.0 = Debug|Any CPU
		{C594F3C7-471C-467C-9CF9-A5A9338C4700}.Release|Any CPU.ActiveCfg = Release|Any CPU
		{C594F3C7-471C-467C-9CF9-A5A9338C4700}.Release|Any CPU.Build.0 = Release|Any CPU
	EndGlobalSection
	GlobalSection(SolutionProperties) = preSolution
		HideSolutionNode = FALSE
	EndGlobalSection
EndGlobal
